{
  "nodes": {
    "nixpkgs": {
      "locked": {
        "lastModified": 1785571196,
        "narHash": "sha256-xwSqxTsama0YTtS78+4YyCm6jJg09v78QWfP1cAyoVA=",
        "rev": "148bab9c1c3c53136ecb44a6ea356a0ed5b39b06",
        "type": "tarball",
        "url": "https://releases.nixos.org/nixos/unstable/nixos-26.11pre1045728.148bab9c1c3c/nixexprs.tar.xz"
      },
      "original": {
        "type": "tarball",
        "url": "https://channels.nixos.org/nixos-unstable/nixexprs.tar.xz"
      }
    },
    "root": {
      "inputs": {
        "nixpkgs": "nixpkgs",
        "scenefx": "scenefx"
      }
    },
    "scenefx": {
      "flake": false,
      "locked": {
        "lastModified": 1786441623,
        "narHash": "sha256-yUCmoeCxNOhDL2o+18TfN/czExQWNvfB5EgsewKfEzs=",
        "ref": "umbriel",
        "rev": "51a76db48508a5987bd9969135c93721f9ee9476",
        "revCount": 316,
        "type": "git",
        "url": "https://github.com/noctalia-dev/scenefx"
      },
      "original": {
        "ref": "umbriel",
        "type": "git",
        "url": "https://github.com/noctalia-dev/scenefx"
      }
    }
  },
  "root": "root",
  "version": 7
}
