{
  "nodes": {
    "nixpkgs": {
      "locked": {
        "lastModified": 1785571196,
        "narHash": "sha256-xwSqxTsama0YTtS78+4YyCm6jJg09v78QWfP1cAyoVA=",
        "rev": "148bab9c1c3c53136ecb44a6ea356a0ed5b39b06",
        "type": "tarball",
        "url": "https://releases.nixos.org/nixos/unstable/nixos-26.11pre1045728.148bab9c1c3c/nixexprs.tar.xz"
      },
      "original": {
        "type": "tarball",
        "url": "https://channels.nixos.org/nixos-unstable/nixexprs.tar.xz"
      }
    },
    "root": {
      "inputs": {
        "nixpkgs": "nixpkgs",
        "scenefx": "scenefx"
      }
    },
    "scenefx": {
      "flake": false,
      "locked": {
        "lastModified": 1786019314,
        "narHash": "sha256-6Ha8CgM+hiH9XC4gakcJHLL8AiOR0V0E1PS0qWUc+xk=",
        "ref": "origin/umbriel",
        "rev": "e16c85d579ada0e76a66374e28a1c4fcc6943105",
        "revCount": 315,
        "type": "git",
        "url": "file:/mnt/storage/GitHub/noctalia-dev/scenefx"
      },
      "original": {
        "ref": "origin/umbriel",
        "type": "git",
        "url": "file:/mnt/storage/GitHub/noctalia-dev/scenefx"
      }
    }
  },
  "root": "root",
  "version": 7
}
